
Microsoft Visual Studio Solution File, Format Version 12.00
Project("{FAE04EC0-301F-11D3-BF4B-00C04F79EFBC}") = "Website", "Website\Website.csproj", "{6EEFB092-5F44-4A4F-96E9-009C0A5657CE}"
EndProject
Global
	GlobalSection(SolutionConfigurationPlatforms) = preSolution
		Debug|Any CPU = Debug|Any CPU
		Release|Any CPU = Release|Any CPU
	EndGlobalSection
	GlobalSection(ProjectConfigurationPlatforms) = postSolution
		{6EEFB092-5F44-4A4F-96E9-009C0A5657CE}.Debug|Any CPU.ActiveCfg = Debug|Any CPU
		{6EEFB092-5F44-4A4F-96E9-009C0A5657CE}.Debug|Any CPU.Build.0 = Debug|Any CPU
		{6EEFB092-5F44-4A4F-96E9-009C0A5657CE}.Release|Any CPU.ActiveCfg = Release|Any CPU
		{6EEFB092-5F44-4A4F-96E9-009C0A5657CE}.Release|Any CPU.Build.0 = Release|Any CPU
	EndGlobalSection
EndGlobal
